
Microsoft Visual Studio Solution File, Format Version 11.00
# Visual Studio 2010
Project("{FAE04EC0-301F-11D3-BF4B-00C04F79EFBC}") = "Draugen.Core", "Draugen.Core\Draugen.Core.csproj", "{3B92FD2D-B32B-436D-9635-B44B64AD3589}"
EndProject
Project("{FAE04EC0-301F-11D3-BF4B-00C04F79EFBC}") = "Draugen.Data", "Draugen.Data\Draugen.Data.csproj", "{9E66D512-A067-4FFE-9B58-E573D9FB9E4D}"
EndProject
Project("{2150E333-8FDC-42A3-9474-1A3956D46DE8}") = "Solution Items", "Solution Items", "{25E18EDD-2B35-49C7-9731-AA87FBFFB7B3}"
	ProjectSection(SolutionItems) = preProject
		Draugen1.vsmdi = Draugen1.vsmdi
		Local.testsettings = Local.testsettings
		TraceAndTestImpact.testsettings = TraceAndTestImpact.testsettings
	EndProjectSection
EndProject
Project("{FAE04EC0-301F-11D3-BF4B-00C04F79EFBC}") = "Draugen.Core.Tests", "Draugen.Core.Tests\Draugen.Core.Tests.csproj", "{A4953887-787B-4D2B-A1A9-57E66C591657}"
EndProject
Project("{FAE04EC0-301F-11D3-BF4B-00C04F79EFBC}") = "Draugen.Data.Tests", "Draugen.Data.Tests\Draugen.Data.Tests.csproj", "{ABAF03D4-E56E-4AB6-9E57-A7CD854F5FDE}"
EndProject
Project("{FAE04EC0-301F-11D3-BF4B-00C04F79EFBC}") = "Draugen.Integration.Tests", "Draugen.Integration.Tests\Draugen.Integration.Tests.csproj", "{3E045EB7-9FEB-4934-BFFE-548D00E6B7B3}"
EndProject
Project("{FAE04EC0-301F-11D3-BF4B-00C04F79EFBC}") = "Draugen.System.Tests", "Draugen.System.Tests\Draugen.System.Tests.csproj", "{4F9D8E7A-7F4D-4AAE-A2D4-303FD53603D8}"
EndProject
Project("{FAE04EC0-301F-11D3-BF4B-00C04F79EFBC}") = "Draugen.Web.Tests", "Draugen.Web.Tests\Draugen.Web.Tests.csproj", "{E777404C-0F38-4AD5-B5EA-AC85AF89244F}"
EndProject
Project("{2150E333-8FDC-42A3-9474-1A3956D46DE8}") = "Tests", "Tests", "{1F9D97E3-CE3E-404E-A011-6739501A75D2}"
EndProject
Project("{FAE04EC0-301F-11D3-BF4B-00C04F79EFBC}") = "Draugen.Services", "Draugen.Services\Draugen.Services.csproj", "{021C1168-C56F-4BBC-9708-042E13F862F8}"
EndProject
Project("{FAE04EC0-301F-11D3-BF4B-00C04F79EFBC}") = "Draugen.Web", "Draugen.Web\Draugen.Web.csproj", "{9B6C20B0-7C95-452F-83F7-6FFE5B6E0C95}"
EndProject
Project("{2150E333-8FDC-42A3-9474-1A3956D46DE8}") = "Setup", "Setup", "{34E38C02-1F14-4756-B8B5-0168C9510F5D}"
EndProject
Project("{FAE04EC0-301F-11D3-BF4B-00C04F79EFBC}") = "Draugen.Data.Import", "Draugen.Data.Import\Draugen.Data.Import.csproj", "{495952F0-A0D9-4241-8E4C-04BDC7F8E9C4}"
EndProject
Project("{FAE04EC0-301F-11D3-BF4B-00C04F79EFBC}") = "Draugen.Test.Common", "Draugen.Test.Common\Draugen.Test.Common.csproj", "{061CF6CA-F917-4B10-8876-C4DE9AC11544}"
EndProject
Project("{FAE04EC0-301F-11D3-BF4B-00C04F79EFBC}") = "Draugen.Services.Tests", "Draugen.Services.Tests\Draugen.Services.Tests.csproj", "{E3DA7DC6-42E2-498E-9543-5673F11B36A0}"
EndProject
Global
	GlobalSection(TestCaseManagementSettings) = postSolution
		CategoryFile = Draugen1.vsmdi
	EndGlobalSection
	GlobalSection(SolutionConfigurationPlatforms) = preSolution
		Debug|Any CPU = Debug|Any CPU
		Debug|Mixed Platforms = Debug|Mixed Platforms
		Debug|x86 = Debug|x86
		Release|Any CPU = Release|Any CPU
		Release|Mixed Platforms = Release|Mixed Platforms
		Release|x86 = Release|x86
	EndGlobalSection
	GlobalSection(ProjectConfigurationPlatforms) = postSolution
		{3B92FD2D-B32B-436D-9635-B44B64AD3589}.Debug|Any CPU.ActiveCfg = Debug|Any CPU
		{3B92FD2D-B32B-436D-9635-B44B64AD3589}.Debug|Any CPU.Build.0 = Debug|Any CPU
		{3B92FD2D-B32B-436D-9635-B44B64AD3589}.Debug|Mixed Platforms.ActiveCfg = Debug|Any CPU
		{3B92FD2D-B32B-436D-9635-B44B64AD3589}.Debug|Mixed Platforms.Build.0 = Debug|Any CPU
		{3B92FD2D-B32B-436D-9635-B44B64AD3589}.Debug|x86.ActiveCfg = Debug|Any CPU
		{3B92FD2D-B32B-436D-9635-B44B64AD3589}.Release|Any CPU.ActiveCfg = Release|Any CPU
		{3B92FD2D-B32B-436D-9635-B44B64AD3589}.Release|Any CPU.Build.0 = Release|Any CPU
		{3B92FD2D-B32B-436D-9635-B44B64AD3589}.Release|Mixed Platforms.ActiveCfg = Release|Any CPU
		{3B92FD2D-B32B-436D-9635-B44B64AD3589}.Release|Mixed Platforms.Build.0 = Release|Any CPU
		{3B92FD2D-B32B-436D-9635-B44B64AD3589}.Release|x86.ActiveCfg = Release|Any CPU
		{9E66D512-A067-4FFE-9B58-E573D9FB9E4D}.Debug|Any CPU.ActiveCfg = Debug|Any CPU
		{9E66D512-A067-4FFE-9B58-E573D9FB9E4D}.Debug|Any CPU.Build.0 = Debug|Any CPU
		{9E66D512-A067-4FFE-9B58-E573D9FB9E4D}.Debug|Mixed Platforms.ActiveCfg = Debug|Any CPU
		{9E66D512-A067-4FFE-9B58-E573D9FB9E4D}.Debug|Mixed Platforms.Build.0 = Debug|Any CPU
		{9E66D512-A067-4FFE-9B58-E573D9FB9E4D}.Debug|x86.ActiveCfg = Debug|Any CPU
		{9E66D512-A067-4FFE-9B58-E573D9FB9E4D}.Release|Any CPU.ActiveCfg = Release|Any CPU
		{9E66D512-A067-4FFE-9B58-E573D9FB9E4D}.Release|Any CPU.Build.0 = Release|Any CPU
		{9E66D512-A067-4FFE-9B58-E573D9FB9E4D}.Release|Mixed Platforms.ActiveCfg = Release|Any CPU
		{9E66D512-A067-4FFE-9B58-E573D9FB9E4D}.Release|Mixed Platforms.Build.0 = Release|Any CPU
		{9E66D512-A067-4FFE-9B58-E573D9FB9E4D}.Release|x86.ActiveCfg = Release|Any CPU
		{A4953887-787B-4D2B-A1A9-57E66C591657}.Debug|Any CPU.ActiveCfg = Debug|Any CPU
		{A4953887-787B-4D2B-A1A9-57E66C591657}.Debug|Any CPU.Build.0 = Debug|Any CPU
		{A4953887-787B-4D2B-A1A9-57E66C591657}.Debug|Mixed Platforms.ActiveCfg = Debug|Any CPU
		{A4953887-787B-4D2B-A1A9-57E66C591657}.Debug|Mixed Platforms.Build.0 = Debug|Any CPU
		{A4953887-787B-4D2B-A1A9-57E66C591657}.Debug|x86.ActiveCfg = Debug|Any CPU
		{A4953887-787B-4D2B-A1A9-57E66C591657}.Release|Any CPU.ActiveCfg = Release|Any CPU
		{A4953887-787B-4D2B-A1A9-57E66C591657}.Release|Any CPU.Build.0 = Release|Any CPU
		{A4953887-787B-4D2B-A1A9-57E66C591657}.Release|Mixed Platforms.ActiveCfg = Release|Any CPU
		{A4953887-787B-4D2B-A1A9-57E66C591657}.Release|Mixed Platforms.Build.0 = Release|Any CPU
		{A4953887-787B-4D2B-A1A9-57E66C591657}.Release|x86.ActiveCfg = Release|Any CPU
		{ABAF03D4-E56E-4AB6-9E57-A7CD854F5FDE}.Debug|Any CPU.ActiveCfg = Debug|Any CPU
		{ABAF03D4-E56E-4AB6-9E57-A7CD854F5FDE}.Debug|Any CPU.Build.0 = Debug|Any CPU
		{ABAF03D4-E56E-4AB6-9E57-A7CD854F5FDE}.Debug|Mixed Platforms.ActiveCfg = Debug|Any CPU
		{ABAF03D4-E56E-4AB6-9E57-A7CD854F5FDE}.Debug|Mixed Platforms.Build.0 = Debug|Any CPU
		{ABAF03D4-E56E-4AB6-9E57-A7CD854F5FDE}.Debug|x86.ActiveCfg = Debug|Any CPU
		{ABAF03D4-E56E-4AB6-9E57-A7CD854F5FDE}.Release|Any CPU.ActiveCfg = Release|Any CPU
		{ABAF03D4-E56E-4AB6-9E57-A7CD854F5FDE}.Release|Any CPU.Build.0 = Release|Any CPU
		{ABAF03D4-E56E-4AB6-9E57-A7CD854F5FDE}.Release|Mixed Platforms.ActiveCfg = Release|Any CPU
		{ABAF03D4-E56E-4AB6-9E57-A7CD854F5FDE}.Release|Mixed Platforms.Build.0 = Release|Any CPU
		{ABAF03D4-E56E-4AB6-9E57-A7CD854F5FDE}.Release|x86.ActiveCfg = Release|Any CPU
		{3E045EB7-9FEB-4934-BFFE-548D00E6B7B3}.Debug|Any CPU.ActiveCfg = Debug|Any CPU
		{3E045EB7-9FEB-4934-BFFE-548D00E6B7B3}.Debug|Any CPU.Build.0 = Debug|Any CPU
		{3E045EB7-9FEB-4934-BFFE-548D00E6B7B3}.Debug|Mixed Platforms.ActiveCfg = Debug|Any CPU
		{3E045EB7-9FEB-4934-BFFE-548D00E6B7B3}.Debug|Mixed Platforms.Build.0 = Debug|Any CPU
		{3E045EB7-9FEB-4934-BFFE-548D00E6B7B3}.Debug|x86.ActiveCfg = Debug|Any CPU
		{3E045EB7-9FEB-4934-BFFE-548D00E6B7B3}.Release|Any CPU.ActiveCfg = Release|Any CPU
		{3E045EB7-9FEB-4934-BFFE-548D00E6B7B3}.Release|Any CPU.Build.0 = Release|Any CPU
		{3E045EB7-9FEB-4934-BFFE-548D00E6B7B3}.Release|Mixed Platforms.ActiveCfg = Release|Any CPU
		{3E045EB7-9FEB-4934-BFFE-548D00E6B7B3}.Release|Mixed Platforms.Build.0 = Release|Any CPU
		{3E045EB7-9FEB-4934-BFFE-548D00E6B7B3}.Release|x86.ActiveCfg = Release|Any CPU
		{4F9D8E7A-7F4D-4AAE-A2D4-303FD53603D8}.Debug|Any CPU.ActiveCfg = Debug|Any CPU
		{4F9D8E7A-7F4D-4AAE-A2D4-303FD53603D8}.Debug|Any CPU.Build.0 = Debug|Any CPU
		{4F9D8E7A-7F4D-4AAE-A2D4-303FD53603D8}.Debug|Mixed Platforms.ActiveCfg = Debug|Any CPU
		{4F9D8E7A-7F4D-4AAE-A2D4-303FD53603D8}.Debug|Mixed Platforms.Build.0 = Debug|Any CPU
		{4F9D8E7A-7F4D-4AAE-A2D4-303FD53603D8}.Debug|x86.ActiveCfg = Debug|Any CPU
		{4F9D8E7A-7F4D-4AAE-A2D4-303FD53603D8}.Release|Any CPU.ActiveCfg = Release|Any CPU
		{4F9D8E7A-7F4D-4AAE-A2D4-303FD53603D8}.Release|Any CPU.Build.0 = Release|Any CPU
		{4F9D8E7A-7F4D-4AAE-A2D4-303FD53603D8}.Release|Mixed Platforms.ActiveCfg = Release|Any CPU
		{4F9D8E7A-7F4D-4AAE-A2D4-303FD53603D8}.Release|Mixed Platforms.Build.0 = Release|Any CPU
		{4F9D8E7A-7F4D-4AAE-A2D4-303FD53603D8}.Release|x86.ActiveCfg = Release|Any CPU
		{E777404C-0F38-4AD5-B5EA-AC85AF89244F}.Debug|Any CPU.ActiveCfg = Debug|Any CPU
		{E777404C-0F38-4AD5-B5EA-AC85AF89244F}.Debug|Any CPU.Build.0 = Debug|Any CPU
		{E777404C-0F38-4AD5-B5EA-AC85AF89244F}.Debug|Mixed Platforms.ActiveCfg = Debug|Any CPU
		{E777404C-0F38-4AD5-B5EA-AC85AF89244F}.Debug|Mixed Platforms.Build.0 = Debug|Any CPU
		{E777404C-0F38-4AD5-B5EA-AC85AF89244F}.Debug|x86.ActiveCfg = Debug|Any CPU
		{E777404C-0F38-4AD5-B5EA-AC85AF89244F}.Release|Any CPU.ActiveCfg = Release|Any CPU
		{E777404C-0F38-4AD5-B5EA-AC85AF89244F}.Release|Any CPU.Build.0 = Release|Any CPU
		{E777404C-0F38-4AD5-B5EA-AC85AF89244F}.Release|Mixed Platforms.ActiveCfg = Release|Any CPU
		{E777404C-0F38-4AD5-B5EA-AC85AF89244F}.Release|Mixed Platforms.Build.0 = Release|Any CPU
		{E777404C-0F38-4AD5-B5EA-AC85AF89244F}.Release|x86.ActiveCfg = Release|Any CPU
		{021C1168-C56F-4BBC-9708-042E13F862F8}.Debug|Any CPU.ActiveCfg = Debug|Any CPU
		{021C1168-C56F-4BBC-9708-042E13F862F8}.Debug|Any CPU.Build.0 = Debug|Any CPU
		{021C1168-C56F-4BBC-9708-042E13F862F8}.Debug|Mixed Platforms.ActiveCfg = Debug|Any CPU
		{021C1168-C56F-4BBC-9708-042E13F862F8}.Debug|Mixed Platforms.Build.0 = Debug|Any CPU
		{021C1168-C56F-4BBC-9708-042E13F862F8}.Debug|x86.ActiveCfg = Debug|Any CPU
		{021C1168-C56F-4BBC-9708-042E13F862F8}.Release|Any CPU.ActiveCfg = Release|Any CPU
		{021C1168-C56F-4BBC-9708-042E13F862F8}.Release|Any CPU.Build.0 = Release|Any CPU
		{021C1168-C56F-4BBC-9708-042E13F862F8}.Release|Mixed Platforms.ActiveCfg = Release|Any CPU
		{021C1168-C56F-4BBC-9708-042E13F862F8}.Release|Mixed Platforms.Build.0 = Release|Any CPU
		{021C1168-C56F-4BBC-9708-042E13F862F8}.Release|x86.ActiveCfg = Release|Any CPU
		{9B6C20B0-7C95-452F-83F7-6FFE5B6E0C95}.Debug|Any CPU.ActiveCfg = Debug|Any CPU
		{9B6C20B0-7C95-452F-83F7-6FFE5B6E0C95}.Debug|Any CPU.Build.0 = Debug|Any CPU
		{9B6C20B0-7C95-452F-83F7-6FFE5B6E0C95}.Debug|Mixed Platforms.ActiveCfg = Debug|Any CPU
		{9B6C20B0-7C95-452F-83F7-6FFE5B6E0C95}.Debug|Mixed Platforms.Build.0 = Debug|Any CPU
		{9B6C20B0-7C95-452F-83F7-6FFE5B6E0C95}.Debug|x86.ActiveCfg = Debug|Any CPU
		{9B6C20B0-7C95-452F-83F7-6FFE5B6E0C95}.Release|Any CPU.ActiveCfg = Release|Any CPU
		{9B6C20B0-7C95-452F-83F7-6FFE5B6E0C95}.Release|Any CPU.Build.0 = Release|Any CPU
		{9B6C20B0-7C95-452F-83F7-6FFE5B6E0C95}.Release|Mixed Platforms.ActiveCfg = Release|Any CPU
		{9B6C20B0-7C95-452F-83F7-6FFE5B6E0C95}.Release|Mixed Platforms.Build.0 = Release|Any CPU
		{9B6C20B0-7C95-452F-83F7-6FFE5B6E0C95}.Release|x86.ActiveCfg = Release|Any CPU
		{495952F0-A0D9-4241-8E4C-04BDC7F8E9C4}.Debug|Any CPU.ActiveCfg = Debug|x86
		{495952F0-A0D9-4241-8E4C-04BDC7F8E9C4}.Debug|Mixed Platforms.ActiveCfg = Debug|x86
		{495952F0-A0D9-4241-8E4C-04BDC7F8E9C4}.Debug|Mixed Platforms.Build.0 = Debug|x86
		{495952F0-A0D9-4241-8E4C-04BDC7F8E9C4}.Debug|x86.ActiveCfg = Debug|x86
		{495952F0-A0D9-4241-8E4C-04BDC7F8E9C4}.Debug|x86.Build.0 = Debug|x86
		{495952F0-A0D9-4241-8E4C-04BDC7F8E9C4}.Release|Any CPU.ActiveCfg = Release|x86
		{495952F0-A0D9-4241-8E4C-04BDC7F8E9C4}.Release|Mixed Platforms.ActiveCfg = Release|x86
		{495952F0-A0D9-4241-8E4C-04BDC7F8E9C4}.Release|Mixed Platforms.Build.0 = Release|x86
		{495952F0-A0D9-4241-8E4C-04BDC7F8E9C4}.Release|x86.ActiveCfg = Release|x86
		{495952F0-A0D9-4241-8E4C-04BDC7F8E9C4}.Release|x86.Build.0 = Release|x86
		{061CF6CA-F917-4B10-8876-C4DE9AC11544}.Debug|Any CPU.ActiveCfg = Debug|Any CPU
		{061CF6CA-F917-4B10-8876-C4DE9AC11544}.Debug|Any CPU.Build.0 = Debug|Any CPU
		{061CF6CA-F917-4B10-8876-C4DE9AC11544}.Debug|Mixed Platforms.ActiveCfg = Debug|Any CPU
		{061CF6CA-F917-4B10-8876-C4DE9AC11544}.Debug|Mixed Platforms.Build.0 = Debug|Any CPU
		{061CF6CA-F917-4B10-8876-C4DE9AC11544}.Debug|x86.ActiveCfg = Debug|Any CPU
		{061CF6CA-F917-4B10-8876-C4DE9AC11544}.Release|Any CPU.ActiveCfg = Release|Any CPU
		{061CF6CA-F917-4B10-8876-C4DE9AC11544}.Release|Any CPU.Build.0 = Release|Any CPU
		{061CF6CA-F917-4B10-8876-C4DE9AC11544}.Release|Mixed Platforms.ActiveCfg = Release|Any CPU
		{061CF6CA-F917-4B10-8876-C4DE9AC11544}.Release|Mixed Platforms.Build.0 = Release|Any CPU
		{061CF6CA-F917-4B10-8876-C4DE9AC11544}.Release|x86.ActiveCfg = Release|Any CPU
		{E3DA7DC6-42E2-498E-9543-5673F11B36A0}.Debug|Any CPU.ActiveCfg = Debug|Any CPU
		{E3DA7DC6-42E2-498E-9543-5673F11B36A0}.Debug|Any CPU.Build.0 = Debug|Any CPU
		{E3DA7DC6-42E2-498E-9543-5673F11B36A0}.Debug|Mixed Platforms.ActiveCfg = Debug|Any CPU
		{E3DA7DC6-42E2-498E-9543-5673F11B36A0}.Debug|Mixed Platforms.Build.0 = Debug|Any CPU
		{E3DA7DC6-42E2-498E-9543-5673F11B36A0}.Debug|x86.ActiveCfg = Debug|Any CPU
		{E3DA7DC6-42E2-498E-9543-5673F11B36A0}.Release|Any CPU.ActiveCfg = Release|Any CPU
		{E3DA7DC6-42E2-498E-9543-5673F11B36A0}.Release|Any CPU.Build.0 = Release|Any CPU
		{E3DA7DC6-42E2-498E-9543-5673F11B36A0}.Release|Mixed Platforms.ActiveCfg = Release|Any CPU
		{E3DA7DC6-42E2-498E-9543-5673F11B36A0}.Release|Mixed Platforms.Build.0 = Release|Any CPU
		{E3DA7DC6-42E2-498E-9543-5673F11B36A0}.Release|x86.ActiveCfg = Release|Any CPU
	EndGlobalSection
	GlobalSection(SolutionProperties) = preSolution
		HideSolutionNode = FALSE
	EndGlobalSection
	GlobalSection(NestedProjects) = preSolution
		{ABAF03D4-E56E-4AB6-9E57-A7CD854F5FDE} = {1F9D97E3-CE3E-404E-A011-6739501A75D2}
		{3E045EB7-9FEB-4934-BFFE-548D00E6B7B3} = {1F9D97E3-CE3E-404E-A011-6739501A75D2}
		{4F9D8E7A-7F4D-4AAE-A2D4-303FD53603D8} = {1F9D97E3-CE3E-404E-A011-6739501A75D2}
		{E777404C-0F38-4AD5-B5EA-AC85AF89244F} = {1F9D97E3-CE3E-404E-A011-6739501A75D2}
		{A4953887-787B-4D2B-A1A9-57E66C591657} = {1F9D97E3-CE3E-404E-A011-6739501A75D2}
		{061CF6CA-F917-4B10-8876-C4DE9AC11544} = {1F9D97E3-CE3E-404E-A011-6739501A75D2}
		{E3DA7DC6-42E2-498E-9543-5673F11B36A0} = {1F9D97E3-CE3E-404E-A011-6739501A75D2}
		{495952F0-A0D9-4241-8E4C-04BDC7F8E9C4} = {34E38C02-1F14-4756-B8B5-0168C9510F5D}
	EndGlobalSection
EndGlobal
